
Microsoft Visual Studio Solution File, Format Version 12.00
# Visual Studio 2013
VisualStudioVersion = 12.0.21005.1
MinimumVisualStudioVersion = 10.0.40219.1
Project("{8BC9CEB8-8B4A-11D0-8D11-00A0C91BC942}") = "test0128", "test0128\test0128.vcxproj", "{268CAB5B-49D9-49E4-99D8-ACDBA2428993}"
EndProject
Global
	GlobalSection(SolutionConfigurationPlatforms) = preSolution
		Debug|Win32 = Debug|Win32
		Release|Win32 = Release|Win32
	EndGlobalSection
	GlobalSection(ProjectConfigurationPlatforms) = postSolution
		{268CAB5B-49D9-49E4-99D8-ACDBA2428993}.Debug|Win32.ActiveCfg = Debug|Win32
		{268CAB5B-49D9-49E4-99D8-ACDBA2428993}.Debug|Win32.Build.0 = Debug|Win32
		{268CAB5B-49D9-49E4-99D8-ACDBA2428993}.Release|Win32.ActiveCfg = Release|Win32
		{268CAB5B-49D9-49E4-99D8-ACDBA2428993}.Release|Win32.Build.0 = Release|Win32
	EndGlobalSection
	GlobalSection(SolutionProperties) = preSolution
		HideSolutionNode = FALSE
	EndGlobalSection
EndGlobal
