
Microsoft Visual Studio Solution File, Format Version 12.00
# Visual Studio 2013
VisualStudioVersion = 12.0.21005.1
MinimumVisualStudioVersion = 10.0.40219.1
Project("{8BC9CEB8-8B4A-11D0-8D11-00A0C91BC942}") = "test0119", "test0119\test0119.vcxproj", "{1D0091B0-A164-4824-AA3A-27B0C338FA25}"
EndProject
Global
	GlobalSection(SolutionConfigurationPlatforms) = preSolution
		Debug|Win32 = Debug|Win32
		Release|Win32 = Release|Win32
	EndGlobalSection
	GlobalSection(ProjectConfigurationPlatforms) = postSolution
		{1D0091B0-A164-4824-AA3A-27B0C338FA25}.Debug|Win32.ActiveCfg = Debug|Win32
		{1D0091B0-A164-4824-AA3A-27B0C338FA25}.Debug|Win32.Build.0 = Debug|Win32
		{1D0091B0-A164-4824-AA3A-27B0C338FA25}.Release|Win32.ActiveCfg = Release|Win32
		{1D0091B0-A164-4824-AA3A-27B0C338FA25}.Release|Win32.Build.0 = Release|Win32
	EndGlobalSection
	GlobalSection(SolutionProperties) = preSolution
		HideSolutionNode = FALSE
	EndGlobalSection
EndGlobal
